
Microsoft Visual Studio Solution File, Format Version 12.00
# Visual Studio Version 17
VisualStudioVersion = 17.9.34728.123
MinimumVisualStudioVersion = 10.0.40219.1
Project("{FAE04EC0-301F-11D3-BF4B-00C04F79EFBC}") = "CapaPresentacion", "CapaPresentacion\CapaPresentacion.csproj", "{C0D5373F-3AA8-4932-BF0C-31DBAE4DAB58}"
EndProject
Project("{FAE04EC0-301F-11D3-BF4B-00C04F79EFBC}") = "CapaEntidades", "CapaEntidades\CapaEntidades.csproj", "{29672C1C-8F2B-4A1E-80BE-65054CDB206B}"
EndProject
Project("{FAE04EC0-301F-11D3-BF4B-00C04F79EFBC}") = "CapaDatos", "CapaDatos\CapaDatos.csproj", "{AE10B308-83B8-47B7-AE37-94F2B77D8751}"
EndProject
Project("{FAE04EC0-301F-11D3-BF4B-00C04F79EFBC}") = "CapaNegocios", "CapaNegocios\CapaNegocios.csproj", "{B7F040A7-22BB-4792-86B0-E47182ACCA0E}"
EndProject
Global
	GlobalSection(SolutionConfigurationPlatforms) = preSolution
		Debug|Any CPU = Debug|Any CPU
		Release|Any CPU = Release|Any CPU
	EndGlobalSection
	GlobalSection(ProjectConfigurationPlatforms) = postSolution
		{C0D5373F-3AA8-4932-BF0C-31DBAE4DAB58}.Debug|Any CPU.ActiveCfg = Debug|Any CPU
		{C0D5373F-3AA8-4932-BF0C-31DBAE4DAB58}.Debug|Any CPU.Build.0 = Debug|Any CPU
		{C0D5373F-3AA8-4932-BF0C-31DBAE4DAB58}.Release|Any CPU.ActiveCfg = Release|Any CPU
		{C0D5373F-3AA8-4932-BF0C-31DBAE4DAB58}.Release|Any CPU.Build.0 = Release|Any CPU
		{29672C1C-8F2B-4A1E-80BE-65054CDB206B}.Debug|Any CPU.ActiveCfg = Debug|Any CPU
		{29672C1C-8F2B-4A1E-80BE-65054CDB206B}.Debug|Any CPU.Build.0 = Debug|Any CPU
		{29672C1C-8F2B-4A1E-80BE-65054CDB206B}.Release|Any CPU.ActiveCfg = Release|Any CPU
		{29672C1C-8F2B-4A1E-80BE-65054CDB206B}.Release|Any CPU.Build.0 = Release|Any CPU
		{AE10B308-83B8-47B7-AE37-94F2B77D8751}.Debug|Any CPU.ActiveCfg = Debug|Any CPU
		{AE10B308-83B8-47B7-AE37-94F2B77D8751}.Debug|Any CPU.Build.0 = Debug|Any CPU
		{AE10B308-83B8-47B7-AE37-94F2B77D8751}.Release|Any CPU.ActiveCfg = Release|Any CPU
		{AE10B308-83B8-47B7-AE37-94F2B77D8751}.Release|Any CPU.Build.0 = Release|Any CPU
		{B7F040A7-22BB-4792-86B0-E47182ACCA0E}.Debug|Any CPU.ActiveCfg = Debug|Any CPU
		{B7F040A7-22BB-4792-86B0-E47182ACCA0E}.Debug|Any CPU.Build.0 = Debug|Any CPU
		{B7F040A7-22BB-4792-86B0-E47182ACCA0E}.Release|Any CPU.ActiveCfg = Release|Any CPU
		{B7F040A7-22BB-4792-86B0-E47182ACCA0E}.Release|Any CPU.Build.0 = Release|Any CPU
	EndGlobalSection
	GlobalSection(SolutionProperties) = preSolution
		HideSolutionNode = FALSE
	EndGlobalSection
	GlobalSection(ExtensibilityGlobals) = postSolution
		SolutionGuid = {D2ACA406-F7F1-4D67-8EB5-8706DD229BF6}
	EndGlobalSection
EndGlobal
